
Microsoft Visual Studio Solution File, Format Version 12.00
# Visual Studio Version 17
VisualStudioVersion = 17.3.32929.385
MinimumVisualStudioVersion = 10.0.40219.1
Project("{9A19103F-16F7-4668-BE54-9A1E7A4F7556}") = "IT_Inventory_Project", "IT_Inventory_Project\IT_Inventory_Project.csproj", "{31D19186-39A3-46E0-BAE6-F03E584E6F99}"
EndProject
Global
	GlobalSection(SolutionConfigurationPlatforms) = preSolution
		Debug|Any CPU = Debug|Any CPU
		Release|Any CPU = Release|Any CPU
	EndGlobalSection
	GlobalSection(ProjectConfigurationPlatforms) = postSolution
		{31D19186-39A3-46E0-BAE6-F03E584E6F99}.Debug|Any CPU.ActiveCfg = Debug|Any CPU
		{31D19186-39A3-46E0-BAE6-F03E584E6F99}.Debug|Any CPU.Build.0 = Debug|Any CPU
		{31D19186-39A3-46E0-BAE6-F03E584E6F99}.Release|Any CPU.ActiveCfg = Release|Any CPU
		{31D19186-39A3-46E0-BAE6-F03E584E6F99}.Release|Any CPU.Build.0 = Release|Any CPU
	EndGlobalSection
	GlobalSection(SolutionProperties) = preSolution
		HideSolutionNode = FALSE
	EndGlobalSection
	GlobalSection(ExtensibilityGlobals) = postSolution
		SolutionGuid = {DBB9CF22-432A-49DB-807D-31445E57FC24}
	EndGlobalSection
EndGlobal
